
Microsoft Visual Studio Solution File, Format Version 12.00
# Visual Studio 15
VisualStudioVersion = 15.0.28307.902
MinimumVisualStudioVersion = 10.0.40219.1
Project("{FAE04EC0-301F-11D3-BF4B-00C04F79EFBC}") = "Opsin", "Opsin\Opsin.csproj", "{92B7934E-4726-4B42-B7CA-B2E2AF74C767}"
EndProject
Project("{FAE04EC0-301F-11D3-BF4B-00C04F79EFBC}") = "OpsinTests", "OpsinTests\OpsinTests.csproj", "{0037A8E5-EDB4-486F-94D3-CCBFCD9F25BD}"
EndProject
Project("{7CF6DF6D-3B04-46F8-A40B-537D21BCA0B4}") = "OpsinDocumentation", "OpsinDocumentation\OpsinDocumentation.shfbproj", "{E6906C8C-704D-43A7-A800-63CA50A4C855}"
EndProject
Global
	GlobalSection(SolutionConfigurationPlatforms) = preSolution
		Debug|Any CPU = Debug|Any CPU
		Release|Any CPU = Release|Any CPU
	EndGlobalSection
	GlobalSection(ProjectConfigurationPlatforms) = postSolution
		{92B7934E-4726-4B42-B7CA-B2E2AF74C767}.Debug|Any CPU.ActiveCfg = Debug|Any CPU
		{92B7934E-4726-4B42-B7CA-B2E2AF74C767}.Debug|Any CPU.Build.0 = Debug|Any CPU
		{92B7934E-4726-4B42-B7CA-B2E2AF74C767}.Release|Any CPU.ActiveCfg = Release|Any CPU
		{92B7934E-4726-4B42-B7CA-B2E2AF74C767}.Release|Any CPU.Build.0 = Release|Any CPU
		{0037A8E5-EDB4-486F-94D3-CCBFCD9F25BD}.Debug|Any CPU.ActiveCfg = Debug|Any CPU
		{0037A8E5-EDB4-486F-94D3-CCBFCD9F25BD}.Debug|Any CPU.Build.0 = Debug|Any CPU
		{0037A8E5-EDB4-486F-94D3-CCBFCD9F25BD}.Release|Any CPU.ActiveCfg = Release|Any CPU
		{0037A8E5-EDB4-486F-94D3-CCBFCD9F25BD}.Release|Any CPU.Build.0 = Release|Any CPU
		{E6906C8C-704D-43A7-A800-63CA50A4C855}.Debug|Any CPU.ActiveCfg = Debug|Any CPU
		{E6906C8C-704D-43A7-A800-63CA50A4C855}.Release|Any CPU.ActiveCfg = Release|Any CPU
		{E6906C8C-704D-43A7-A800-63CA50A4C855}.Release|Any CPU.Build.0 = Release|Any CPU
	EndGlobalSection
	GlobalSection(SolutionProperties) = preSolution
		HideSolutionNode = FALSE
	EndGlobalSection
	GlobalSection(ExtensibilityGlobals) = postSolution
		SolutionGuid = {D75D381C-7741-4F0B-A5AC-08895148343A}
	EndGlobalSection
EndGlobal
