
Microsoft Visual Studio Solution File, Format Version 12.00
# Visual Studio Version 16
VisualStudioVersion = 16.0.30907.101
MinimumVisualStudioVersion = 10.0.40219.1
Project("{FAE04EC0-301F-11D3-BF4B-00C04F79EFBC}") = "Opsin", "Opsin\Opsin.csproj", "{92B7934E-4726-4B42-B7CA-B2E2AF74C767}"
EndProject
Project("{FAE04EC0-301F-11D3-BF4B-00C04F79EFBC}") = "OpsinTests", "OpsinTests\OpsinTests.csproj", "{0037A8E5-EDB4-486F-94D3-CCBFCD9F25BD}"
EndProject
Project("{7CF6DF6D-3B04-46F8-A40B-537D21BCA0B4}") = "OpsinDocumentation", "OpsinDocumentation\OpsinDocumentation.shfbproj", "{E6906C8C-704D-43A7-A800-63CA50A4C855}"
EndProject
Project("{2150E333-8FDC-42A3-9474-1A3956D46DE8}") = "Build", "Build", "{9C5045DF-A814-491D-94A7-CF157129585D}"
	ProjectSection(SolutionItems) = preProject
		.gitignore = .gitignore
		build-ikvm-native.bat = build-ikvm-native.bat
		build-ikvmc.bat = build-ikvmc.bat
		build-opsin.bat = build-opsin.bat
		clean.bat = clean.bat
		customize.bat = customize.bat
		LICENSE = LICENSE
		Opsin.nuspec = Opsin.nuspec
		Opsin.targets = Opsin.targets
		README.md = README.md
	EndProjectSection
EndProject
Global
	GlobalSection(SolutionConfigurationPlatforms) = preSolution
		Debug|Any CPU = Debug|Any CPU
		Release|Any CPU = Release|Any CPU
	EndGlobalSection
	GlobalSection(ProjectConfigurationPlatforms) = postSolution
		{92B7934E-4726-4B42-B7CA-B2E2AF74C767}.Debug|Any CPU.ActiveCfg = Debug|Any CPU
		{92B7934E-4726-4B42-B7CA-B2E2AF74C767}.Debug|Any CPU.Build.0 = Debug|Any CPU
		{92B7934E-4726-4B42-B7CA-B2E2AF74C767}.Release|Any CPU.ActiveCfg = Release|Any CPU
		{92B7934E-4726-4B42-B7CA-B2E2AF74C767}.Release|Any CPU.Build.0 = Release|Any CPU
		{0037A8E5-EDB4-486F-94D3-CCBFCD9F25BD}.Debug|Any CPU.ActiveCfg = Debug|Any CPU
		{0037A8E5-EDB4-486F-94D3-CCBFCD9F25BD}.Debug|Any CPU.Build.0 = Debug|Any CPU
		{0037A8E5-EDB4-486F-94D3-CCBFCD9F25BD}.Release|Any CPU.ActiveCfg = Release|Any CPU
		{0037A8E5-EDB4-486F-94D3-CCBFCD9F25BD}.Release|Any CPU.Build.0 = Release|Any CPU
		{E6906C8C-704D-43A7-A800-63CA50A4C855}.Debug|Any CPU.ActiveCfg = Debug|Any CPU
		{E6906C8C-704D-43A7-A800-63CA50A4C855}.Release|Any CPU.ActiveCfg = Release|Any CPU
		{E6906C8C-704D-43A7-A800-63CA50A4C855}.Release|Any CPU.Build.0 = Release|Any CPU
	EndGlobalSection
	GlobalSection(SolutionProperties) = preSolution
		HideSolutionNode = FALSE
	EndGlobalSection
	GlobalSection(ExtensibilityGlobals) = postSolution
		SolutionGuid = {D75D381C-7741-4F0B-A5AC-08895148343A}
	EndGlobalSection
EndGlobal
